{
    "name": "projeto-clojure",
    "lockfileVersion": 2,
    "requires": true,
    "packages": {
        "": {
            "name": "projeto-clojure",
            "dependencies": {
                "nbb": "^0.5.115"
            }
        },
        "node_modules/builtins": {
            "version": "4.1.0",
            "resolved": "https://registry.npmjs.org/builtins/-/builtins-4.1.0.tgz",
            "integrity": "sha512-1bPRZQtmKaO6h7qV1YHXNtr6nCK28k0Zo95KM4dXfILcZZwoHJBN1m3lfLv9LPkcOZlrSr+J1bzMaZFO98Yq0w==",
            "dependencies": {
                "semver": "^7.0.0"
            }
        },
        "node_modules/import-meta-resolve": {
            "version": "1.1.1",
            "resolved": "https://registry.npmjs.org/import-meta-resolve/-/import-meta-resolve-1.1.1.tgz",
            "integrity": "sha512-JiTuIvVyPaUg11eTrNDx5bgQ/yMKMZffc7YSjvQeSMXy58DO2SQ8BtAf3xteZvmzvjYh14wnqNjL8XVeDy2o9A==",
            "dependencies": {
                "builtins": "^4.0.0"
            },
            "funding": {
                "type": "github",
                "url": "https://github.com/sponsors/wooorm"
            }
        },
        "node_modules/lru-cache": {
            "version": "6.0.0",
            "resolved": "https://registry.npmjs.org/lru-cache/-/lru-cache-6.0.0.tgz",
            "integrity": "sha512-Jo6dJ04CmSjuznwJSS3pUeWmd/H0ffTlkXXgwZi+eq1UCmqQwCh+eLsYOYCwY991i2Fah4h1BEMCx4qThGbsiA==",
            "dependencies": {
                "yallist": "^4.0.0"
            },
            "engines": {
                "node": ">=10"
            }
        },
        "node_modules/nbb": {
            "version": "0.5.115",
            "resolved": "https://registry.npmjs.org/nbb/-/nbb-0.5.115.tgz",
            "integrity": "sha512-7J4sXtvzruLdz75nT17X6D2PCahLZ3UHkY7gb8npFV5Vqy138nn44UP+XPsHl67smTbxMtgUYX7FmRCRhHJxVA==",
            "dependencies": {
                "import-meta-resolve": "^1.1.1"
            },
            "bin": {
                "nbb": "lib/nbb_main.js"
            }
        },
        "node_modules/semver": {
            "version": "7.3.7",
            "resolved": "https://registry.npmjs.org/semver/-/semver-7.3.7.tgz",
            "integrity": "sha512-QlYTucUYOews+WeEujDoEGziz4K6c47V/Bd+LjSSYcA94p+DmINdf7ncaUinThfvZyu13lN9OY1XDxt8C0Tw0g==",
            "dependencies": {
                "lru-cache": "^6.0.0"
            },
            "bin": {
                "semver": "bin/semver.js"
            },
            "engines": {
                "node": ">=10"
            }
        },
        "node_modules/yallist": {
            "version": "4.0.0",
            "resolved": "https://registry.npmjs.org/yallist/-/yallist-4.0.0.tgz",
            "integrity": "sha512-3wdGidZyq5PB084XLES5TpOSRA3wjXAlIWMhum2kRcv/41Sn2emQ0dycQW4uZXLejwKvg6EsvbdlVL+FYEct7A=="
        }
    },
    "dependencies": {
        "builtins": {
            "version": "4.1.0",
            "resolved": "https://registry.npmjs.org/builtins/-/builtins-4.1.0.tgz",
            "integrity": "sha512-1bPRZQtmKaO6h7qV1YHXNtr6nCK28k0Zo95KM4dXfILcZZwoHJBN1m3lfLv9LPkcOZlrSr+J1bzMaZFO98Yq0w==",
            "requires": {
                "semver": "^7.0.0"
            }
        },
        "import-meta-resolve": {
            "version": "1.1.1",
            "resolved": "https://registry.npmjs.org/import-meta-resolve/-/import-meta-resolve-1.1.1.tgz",
            "integrity": "sha512-JiTuIvVyPaUg11eTrNDx5bgQ/yMKMZffc7YSjvQeSMXy58DO2SQ8BtAf3xteZvmzvjYh14wnqNjL8XVeDy2o9A==",
            "requires": {
                "builtins": "^4.0.0"
            }
        },
        "lru-cache": {
            "version": "6.0.0",
            "resolved": "https://registry.npmjs.org/lru-cache/-/lru-cache-6.0.0.tgz",
            "integrity": "sha512-Jo6dJ04CmSjuznwJSS3pUeWmd/H0ffTlkXXgwZi+eq1UCmqQwCh+eLsYOYCwY991i2Fah4h1BEMCx4qThGbsiA==",
            "requires": {
                "yallist": "^4.0.0"
            }
        },
        "nbb": {
            "version": "0.5.115",
            "resolved": "https://registry.npmjs.org/nbb/-/nbb-0.5.115.tgz",
            "integrity": "sha512-7J4sXtvzruLdz75nT17X6D2PCahLZ3UHkY7gb8npFV5Vqy138nn44UP+XPsHl67smTbxMtgUYX7FmRCRhHJxVA==",
            "requires": {
                "import-meta-resolve": "^1.1.1"
            }
        },
        "semver": {
            "version": "7.3.7",
            "resolved": "https://registry.npmjs.org/semver/-/semver-7.3.7.tgz",
            "integrity": "sha512-QlYTucUYOews+WeEujDoEGziz4K6c47V/Bd+LjSSYcA94p+DmINdf7ncaUinThfvZyu13lN9OY1XDxt8C0Tw0g==",
            "requires": {
                "lru-cache": "^6.0.0"
            }
        },
        "yallist": {
            "version": "4.0.0",
            "resolved": "https://registry.npmjs.org/yallist/-/yallist-4.0.0.tgz",
            "integrity": "sha512-3wdGidZyq5PB084XLES5TpOSRA3wjXAlIWMhum2kRcv/41Sn2emQ0dycQW4uZXLejwKvg6EsvbdlVL+FYEct7A=="
        }
    }
}
